
Microsoft Visual Studio Solution File, Format Version 12.00
# Visual Studio Version 16
VisualStudioVersion = 16.0.31911.196
MinimumVisualStudioVersion = 10.0.40219.1
Project("{FAE04EC0-301F-11D3-BF4B-00C04F79EFBC}") = "CRUDMVC", "CRUDMVC.csproj", "{8F625F9F-33BF-42D3-B24F-20E94FEC7AE0}"
EndProject
Global
	GlobalSection(SolutionConfigurationPlatforms) = preSolution
		Debug|Any CPU = Debug|Any CPU
		Release|Any CPU = Release|Any CPU
	EndGlobalSection
	GlobalSection(ProjectConfigurationPlatforms) = postSolution
		{8F625F9F-33BF-42D3-B24F-20E94FEC7AE0}.Debug|Any CPU.ActiveCfg = Debug|Any CPU
		{8F625F9F-33BF-42D3-B24F-20E94FEC7AE0}.Debug|Any CPU.Build.0 = Debug|Any CPU
		{8F625F9F-33BF-42D3-B24F-20E94FEC7AE0}.Release|Any CPU.ActiveCfg = Release|Any CPU
		{8F625F9F-33BF-42D3-B24F-20E94FEC7AE0}.Release|Any CPU.Build.0 = Release|Any CPU
	EndGlobalSection
	GlobalSection(SolutionProperties) = preSolution
		HideSolutionNode = FALSE
	EndGlobalSection
	GlobalSection(ExtensibilityGlobals) = postSolution
		SolutionGuid = {5E9ADB64-D6E8-401B-8F13-555A1D9B24E7}
	EndGlobalSection
EndGlobal
